{
  "version": 4,
  "terraform_version": "1.11.2",
  "serial": 44,
  "lineage": "70ddbad2-a7a8-a6ed-6d1c-450504e72e47",
  "outputs": {
    "cluster_id": {
      "value": "fr-par/937ae935-bb72-4266-88f0-0c5f9a509d65",
      "type": "string"
    },
    "private_network_id": {
      "value": "fr-par/53b82482-2187-4ae1-bdbb-5a0f5bff7e1b",
      "type": "string"
    }
  },
  "resources": [
    {
      "module": "module.cluster",
      "mode": "managed",
      "type": "scaleway_k8s_cluster",
      "name": "kapsule_multi_az",
      "provider": "provider[\"registry.terraform.io/scaleway/scaleway\"]",
      "instances": [
        {
          "schema_version": 0,
          "attributes": {
            "admission_plugins": null,
            "apiserver_cert_sans": null,
            "apiserver_url": "https://937ae935-bb72-4266-88f0-0c5f9a509d65.api.k8s.fr-par.scw.cloud:6443",
            "auto_upgrade": [
              {
                "enable": true,
                "maintenance_window_day": "sunday",
                "maintenance_window_start_hour": 2
              }
            ],
            "autoscaler_config": [
              {
                "balance_similar_node_groups": false,
                "disable_scale_down": false,
                "estimator": "binpacking",
                "expander": "random",
                "expendable_pods_priority_cutoff": 0,
                "ignore_daemonsets_utilization": false,
                "max_graceful_termination_sec": 0,
                "scale_down_delay_after_add": "10m",
                "scale_down_unneeded_time": "10m",
                "scale_down_utilization_threshold": 0.5
              }
            ],
            "cni": "cilium",
            "created_at": "2025-03-27T08:50:17Z",
            "delete_additional_resources": true,
            "description": "",
            "feature_gates": null,
            "id": "fr-par/937ae935-bb72-4266-88f0-0c5f9a509d65",
            "kubeconfig": [
              {
                "cluster_ca_certificate": "LS0tLS1CRUdJTiBDRVJUSUZJQ0FURS0tLS0tCk1JSUM1ekNDQWMrZ0F3SUJBZ0lCQURBTkJna3Foa2lHOXcwQkFRc0ZBREFWTVJNd0VRWURWUVFERXdwcmRXSmwKY201bGRHVnpNQjRYRFRJMU1ETXlOakE0TlRBeE9Gb1hEVE0xTURNeU5qQTROVEF4T0Zvd0ZURVRNQkVHQTFVRQpBeE1LYTNWaVpYSnVaWFJsY3pDQ0FTSXdEUVlKS29aSWh2Y05BUUVCQlFBRGdnRVBBRENDQVFvQ2dnRUJBSm5nCjU5ZnhPMzRsZ0xuUU90NFI0bnBKcm85RldhZTZvZkx2YmNvQ2JzaU5lYXFaakJxalErbGJxUVVKbEtsY0lOT0oKTHk0c2lHVlBEZHZmd0p0TktQYWZhNmtHeHZ4cFNLTHNlNEFGQXo4NzlyMlBKaHRQUWpBdHRTRjFOeWpKNWg3UgpTL1pRaktYRXcxaGRvWUpFbkd2bnovYW53dFpzMlc0VHFvb1FkNjhhL0dFc2tjcjJOcXhEdlUvdzJoeld0T29WCkVnRklJZHU1SlFwbWtnVVIwVlZlbzRZU2t5czhIcGMzZUNZczE3dFN6R3J3ZnNsZDI1Rm1EZWd3eXF6NDhoMFUKMCtTZ2owM3JkT2cySUF6YnU1eHZjaWF0eEFHbndoVjdSSlpuWnBNUWo5dlVJQisyNWIzb2oyN1VhOFhhZGFhTQpXbTN6QW1KZ2V0Z012UnFvRTRjQ0F3RUFBYU5DTUVBd0RnWURWUjBQQVFIL0JBUURBZ0trTUE4R0ExVWRFd0VCCi93UUZNQU1CQWY4d0hRWURWUjBPQkJZRUZLYzc4OEYxZUVKaEJtbDFnaVc1T2xxK21BbWZNQTBHQ1NxR1NJYjMKRFFFQkN3VUFBNElCQVFDRTM1Y2ZYTXFSSTFwOGIwMVFaRy9tSUM3SVNkY05QSVlrRE5kYVFkY05tWCs5aDlhRQpqbVhHMm9CdDZnREdBUndpc3RaV3FXeXM3OFp2R0lYL1o1RzdpVFJrTTRKakZ2clIvekxLdnFleXRORFo3UmkzCnBYNm4xbVdLQzJTTFpBOGwrNzg4V2xlL25CVUhVenZlL3dOZVkycDZCOHYreXNNYUN2RUNPUzVoZHM5amVNN3AKRlAvc2MvTlBlZkwrWHVPNGxPWjFERVZ5N21JZUFWdm5mZmZDS2JielNONktTT1VlSFgwcTBlTFoxL0trL2ZKbgo4V0kwQzFkWmJpaTV4c01WbUF6QkdFZ0U4U045SWNIVWNTaEhxaktKdlVrQmJPN2ViVXJQS2dEdU5VYmF2THAvCjZYUVpWQWVCcmxhS2JXcDZHNEo5TnpjTjZKOE00MXRRZWFyagotLS0tLUVORCBDRVJUSUZJQ0FURS0tLS0tCg==",
                "config_file": "apiVersion: v1\nclusters:\n- name: \"kapsule-multi-az\"\n  cluster:\n    certificate-authority-data: LS0tLS1CRUdJTiBDRVJUSUZJQ0FURS0tLS0tCk1JSUM1ekNDQWMrZ0F3SUJBZ0lCQURBTkJna3Foa2lHOXcwQkFRc0ZBREFWTVJNd0VRWURWUVFERXdwcmRXSmwKY201bGRHVnpNQjRYRFRJMU1ETXlOakE0TlRBeE9Gb1hEVE0xTURNeU5qQTROVEF4T0Zvd0ZURVRNQkVHQTFVRQpBeE1LYTNWaVpYSnVaWFJsY3pDQ0FTSXdEUVlKS29aSWh2Y05BUUVCQlFBRGdnRVBBRENDQVFvQ2dnRUJBSm5nCjU5ZnhPMzRsZ0xuUU90NFI0bnBKcm85RldhZTZvZkx2YmNvQ2JzaU5lYXFaakJxalErbGJxUVVKbEtsY0lOT0oKTHk0c2lHVlBEZHZmd0p0TktQYWZhNmtHeHZ4cFNLTHNlNEFGQXo4NzlyMlBKaHRQUWpBdHRTRjFOeWpKNWg3UgpTL1pRaktYRXcxaGRvWUpFbkd2bnovYW53dFpzMlc0VHFvb1FkNjhhL0dFc2tjcjJOcXhEdlUvdzJoeld0T29WCkVnRklJZHU1SlFwbWtnVVIwVlZlbzRZU2t5czhIcGMzZUNZczE3dFN6R3J3ZnNsZDI1Rm1EZWd3eXF6NDhoMFUKMCtTZ2owM3JkT2cySUF6YnU1eHZjaWF0eEFHbndoVjdSSlpuWnBNUWo5dlVJQisyNWIzb2oyN1VhOFhhZGFhTQpXbTN6QW1KZ2V0Z012UnFvRTRjQ0F3RUFBYU5DTUVBd0RnWURWUjBQQVFIL0JBUURBZ0trTUE4R0ExVWRFd0VCCi93UUZNQU1CQWY4d0hRWURWUjBPQkJZRUZLYzc4OEYxZUVKaEJtbDFnaVc1T2xxK21BbWZNQTBHQ1NxR1NJYjMKRFFFQkN3VUFBNElCQVFDRTM1Y2ZYTXFSSTFwOGIwMVFaRy9tSUM3SVNkY05QSVlrRE5kYVFkY05tWCs5aDlhRQpqbVhHMm9CdDZnREdBUndpc3RaV3FXeXM3OFp2R0lYL1o1RzdpVFJrTTRKakZ2clIvekxLdnFleXRORFo3UmkzCnBYNm4xbVdLQzJTTFpBOGwrNzg4V2xlL25CVUhVenZlL3dOZVkycDZCOHYreXNNYUN2RUNPUzVoZHM5amVNN3AKRlAvc2MvTlBlZkwrWHVPNGxPWjFERVZ5N21JZUFWdm5mZmZDS2JielNONktTT1VlSFgwcTBlTFoxL0trL2ZKbgo4V0kwQzFkWmJpaTV4c01WbUF6QkdFZ0U4U045SWNIVWNTaEhxaktKdlVrQmJPN2ViVXJQS2dEdU5VYmF2THAvCjZYUVpWQWVCcmxhS2JXcDZHNEo5TnpjTjZKOE00MXRRZWFyagotLS0tLUVORCBDRVJUSUZJQ0FURS0tLS0tCg==\n    server: https://937ae935-bb72-4266-88f0-0c5f9a509d65.api.k8s.fr-par.scw.cloud:6443\ncontexts:\n- name: admin@kapsule-multi-az\n  context:\n    cluster: \"kapsule-multi-az\"\n    user: kapsule-multi-az-admin\ncurrent-context: admin@kapsule-multi-az\nkind: Config\npreferences: {}\nusers:\n- name: kapsule-multi-az-admin\n  user:\n    token: KvpH07GgcaoPcD2kGRAJNBzDHEwDEQzzQjfmC8iNFnG70OrS4tDqTHbL",
                "host": "https://937ae935-bb72-4266-88f0-0c5f9a509d65.api.k8s.fr-par.scw.cloud:6443",
                "token": "KvpH07GgcaoPcD2kGRAJNBzDHEwDEQzzQjfmC8iNFnG70OrS4tDqTHbL"
              }
            ],
            "name": "kapsule-multi-az",
            "open_id_connect_config": [
              {
                "client_id": "",
                "groups_claim": [],
                "groups_prefix": "",
                "issuer_url": "",
                "required_claim": [],
                "username_claim": "",
                "username_prefix": ""
              }
            ],
            "organization_id": "5c3cd0d8-7ba0-45ad-951c-7e12c19a91fe",
            "private_network_id": "53b82482-2187-4ae1-bdbb-5a0f5bff7e1b",
            "project_id": "5c3cd0d8-7ba0-45ad-951c-7e12c19a91fe",
            "region": "fr-par",
            "status": "pool_required",
            "tags": [
              "multi-az"
            ],
            "timeouts": null,
            "type": "kapsule",
            "updated_at": "2025-03-27T08:50:18Z",
            "upgrade_available": true,
            "version": "1.30",
            "wildcard_dns": "*.937ae935-bb72-4266-88f0-0c5f9a509d65.nodes.k8s.fr-par.scw.cloud"
          },
          "sensitive_attributes": [
            [
              {
                "type": "get_attr",
                "value": "kubeconfig"
              }
            ]
          ],
          "private": "eyJlMmJmYjczMC1lY2FhLTExZTYtOGY4OC0zNDM2M2JjN2M0YzAiOnsiY3JlYXRlIjo5MDAwMDAwMDAwMDAsImRlZmF1bHQiOjkwMDAwMDAwMDAwMCwiZGVsZXRlIjo5MDAwMDAwMDAwMDAsInJlYWQiOjkwMDAwMDAwMDAwMCwidXBkYXRlIjo5MDAwMDAwMDAwMDB9fQ==",
          "dependencies": [
            "module.network.scaleway_vpc.vpc_multi_az",
            "module.network.scaleway_vpc_private_network.pn_multi_az"
          ]
        }
      ]
    },
    {
      "module": "module.cluster",
      "mode": "managed",
      "type": "scaleway_k8s_pool",
      "name": "pool",
      "provider": "provider[\"registry.terraform.io/scaleway/scaleway\"]",
      "instances": [
        {
          "schema_version": 0,
          "attributes": {
            "autohealing": true,
            "autoscaling": false,
            "cluster_id": "fr-par/937ae935-bb72-4266-88f0-0c5f9a509d65",
            "container_runtime": "containerd",
            "created_at": "2025-03-27T08:50:23Z",
            "current_size": 2,
            "id": "fr-par/66687de0-b0ce-4736-acb2-9748c23f649b",
            "kubelet_args": null,
            "max_size": 2,
            "min_size": 1,
            "name": "worker-pool",
            "node_type": "coparm1_2c_8g",
            "nodes": [
              {
                "name": "scw-kapsule-multi-az-worker-pool-e201db0d3c6b4",
                "public_ip": "51.15.223.42",
                "public_ip_v6": "",
                "status": "ready"
              },
              {
                "name": "scw-kapsule-multi-az-worker-pool-9ff9fc8252a24",
                "public_ip": "51.15.201.13",
                "public_ip_v6": "",
                "status": "ready"
              }
            ],
            "placement_group_id": null,
            "public_ip_disabled": false,
            "region": "fr-par",
            "root_volume_size_in_gb": 20,
            "root_volume_type": "sbs_5k",
            "size": 2,
            "status": "ready",
            "tags": null,
            "timeouts": null,
            "updated_at": "2025-03-27T08:53:43Z",
            "upgrade_policy": [
              {
                "max_surge": 0,
                "max_unavailable": 1
              }
            ],
            "version": "1.30.11",
            "wait_for_pool_ready": true,
            "zone": "fr-par-1"
          },
          "sensitive_attributes": [],
          "private": "eyJlMmJmYjczMC1lY2FhLTExZTYtOGY4OC0zNDM2M2JjN2M0YzAiOnsiY3JlYXRlIjoxODAwMDAwMDAwMDAwLCJkZWZhdWx0IjoxODAwMDAwMDAwMDAwLCJkZWxldGUiOjE4MDAwMDAwMDAwMDAsInJlYWQiOjE4MDAwMDAwMDAwMDAsInVwZGF0ZSI6MTgwMDAwMDAwMDAwMH19",
          "dependencies": [
            "module.cluster.scaleway_k8s_cluster.kapsule_multi_az",
            "module.network.scaleway_vpc.vpc_multi_az",
            "module.network.scaleway_vpc_private_network.pn_multi_az"
          ]
        }
      ]
    },
    {
      "module": "module.network",
      "mode": "managed",
      "type": "scaleway_vpc",
      "name": "vpc_multi_az",
      "provider": "provider[\"registry.terraform.io/scaleway/scaleway\"]",
      "instances": [
        {
          "schema_version": 0,
          "attributes": {
            "created_at": "2025-03-27T08:50:14Z",
            "enable_routing": true,
            "id": "fr-par/a3726095-eb97-4b0d-8479-1f91f536460e",
            "is_default": false,
            "name": "vpc-multi-az",
            "organization_id": "5c3cd0d8-7ba0-45ad-951c-7e12c19a91fe",
            "project_id": "5c3cd0d8-7ba0-45ad-951c-7e12c19a91fe",
            "region": "fr-par",
            "tags": [
              "multi-az"
            ],
            "updated_at": "2025-03-27T08:50:14Z"
          },
          "sensitive_attributes": [],
          "private": "bnVsbA=="
        }
      ]
    },
    {
      "module": "module.network",
      "mode": "managed",
      "type": "scaleway_vpc_private_network",
      "name": "pn_multi_az",
      "provider": "provider[\"registry.terraform.io/scaleway/scaleway\"]",
      "instances": [
        {
          "schema_version": 1,
          "attributes": {
            "created_at": "2025-03-27T08:50:14Z",
            "id": "fr-par/53b82482-2187-4ae1-bdbb-5a0f5bff7e1b",
            "ipv4_subnet": [
              {
                "address": "172.16.20.0",
                "created_at": "2025-03-27T08:50:14Z",
                "id": "db1a7cc6-5f19-4334-a308-fe162a6ca65c",
                "prefix_length": 22,
                "subnet": "172.16.20.0/22",
                "subnet_mask": "255.255.252.0",
                "updated_at": "2025-03-27T08:50:14Z"
              }
            ],
            "ipv6_subnets": [
              {
                "address": "fd37:cbf:42bb:6bdc::",
                "created_at": "2025-03-27T08:50:14Z",
                "id": "fbd49af7-5bcf-467a-9dbf-9eb0ce85c0c7",
                "prefix_length": 64,
                "subnet": "fd37:cbf:42bb:6bdc::/64",
                "subnet_mask": "255.255.255.255.255.255.255.255.0.0.0.0.0.0.0.0",
                "updated_at": "2025-03-27T08:50:14Z"
              }
            ],
            "is_regional": true,
            "name": "pn-multi-az",
            "organization_id": "5c3cd0d8-7ba0-45ad-951c-7e12c19a91fe",
            "project_id": "5c3cd0d8-7ba0-45ad-951c-7e12c19a91fe",
            "region": "fr-par",
            "tags": [
              "multi-az"
            ],
            "updated_at": "2025-03-27T08:50:14Z",
            "vpc_id": "fr-par/a3726095-eb97-4b0d-8479-1f91f536460e",
            "zone": "fr-par-1"
          },
          "sensitive_attributes": [],
          "private": "eyJzY2hlbWFfdmVyc2lvbiI6IjEifQ==",
          "dependencies": [
            "module.network.scaleway_vpc.vpc_multi_az"
          ]
        }
      ]
    }
  ],
  "check_results": null
}
